// !$*UTF8*$!
{
	archiveVersion = 1;
	classes = {
	};
	objectVersion = 51;
	objects = {

/* Begin PBXBuildFile section */
		0A19FB3E86226D2D3314D696 /* Pods_insta_clone___riaz_ahmed.framework in Frameworks */ = {isa = PBXBuildFile; fileRef = 4B9867E02C0E00B4EE1B97DB /* Pods_insta_clone___riaz_ahmed.framework */; };
		69F1B51A435BF1521DB687E3 /* Pods_insta_clone___riaz_ahmedTests.framework in Frameworks */ = {isa = PBXBuildFile; fileRef = D139F70E9AD42A7ACD24C703 /* Pods_insta_clone___riaz_ahmedTests.framework */; };
		9C1EA30A260617CD00C3598E /* AppDelegate.swift in Sources */ = {isa = PBXBuildFile; fileRef = 9C1EA309260617CD00C3598E /* AppDelegate.swift */; };
		9C1EA311260617CD00C3598E /* Main.storyboard in Resources */ = {isa = PBXBuildFile; fileRef = 9C1EA30F260617CD00C3598E /* Main.storyboard */; };
		9C1EA313260617CD00C3598E /* Assets.xcassets in Resources */ = {isa = PBXBuildFile; fileRef = 9C1EA312260617CD00C3598E /* Assets.xcassets */; };
		9C1EA316260617CD00C3598E /* LaunchScreen.storyboard in Resources */ = {isa = PBXBuildFile; fileRef = 9C1EA314260617CD00C3598E /* LaunchScreen.storyboard */; };
		9C1EA32C260617CD00C3598E /* insta_clone___riaz_ahmedUITests.swift in Sources */ = {isa = PBXBuildFile; fileRef = 9C1EA32B260617CD00C3598E /* insta_clone___riaz_ahmedUITests.swift */; };
		9C9F7A332606202500E7A7A5 /* LoginViewController.swift in Sources */ = {isa = PBXBuildFile; fileRef = 9C9F7A322606202500E7A7A5 /* LoginViewController.swift */; };
		9C9F7A382606203700E7A7A5 /* FeedViewController.swift in Sources */ = {isa = PBXBuildFile; fileRef = 9C9F7A372606203700E7A7A5 /* FeedViewController.swift */; };
		9C9F7A402606232900E7A7A5 /* cameraViewController.swift in Sources */ = {isa = PBXBuildFile; fileRef = 9C9F7A3F2606232900E7A7A5 /* cameraViewController.swift */; };
		9CE0BDAC260D99C000CD2D0C /* CommentCell.swift in Sources */ = {isa = PBXBuildFile; fileRef = 9CE0BDAB260D99C000CD2D0C /* CommentCell.swift */; };
		9CFAA4302607C3EA0053F402 /* PostCell.swift in Sources */ = {isa = PBXBuildFile; fileRef = 9CFAA42F2607C3EA0053F402 /* PostCell.swift */; };
		BBCB8E7DB92644CB361B072F /* Pods_insta_clone___riaz_ahmed_insta_clone___riaz_ahmedUITests.framework in Frameworks */ = {isa = PBXBuildFile; fileRef = 495E22DE074F84C2FC14C165 /* Pods_insta_clone___riaz_ahmed_insta_clone___riaz_ahmedUITests.framework */; };
/* End PBXBuildFile section */

/* Begin PBXContainerItemProxy section */
		9C1EA31D260617CD00C3598E /* PBXContainerItemProxy */ = {
			isa = PBXContainerItemProxy;
			containerPortal = 9C1EA2FE260617CD00C3598E /* Project object */;
			proxyType = 1;
			remoteGlobalIDString = 9C1EA305260617CD00C3598E;
			remoteInfo = "insta clone - riaz ahmed";
		};
		9C1EA328260617CD00C3598E /* PBXContainerItemProxy */ = {
			isa = PBXContainerItemProxy;
			containerPortal = 9C1EA2FE260617CD00C3598E /* Project object */;
			proxyType = 1;
			remoteGlobalIDString = 9C1EA305260617CD00C3598E;
			remoteInfo = "insta clone - riaz ahmed";
		};
/* End PBXContainerItemProxy section */

/* Begin PBXFileReference section */
		24A5FBAC5B1871F76909930D /* Pods-insta clone - riaz ahmed-insta clone - riaz ahmedUITests.debug.xcconfig */ = {isa = PBXFileReference; includeInIndex = 1; lastKnownFileType = text.xcconfig; name = "Pods-insta clone - riaz ahmed-insta clone - riaz ahmedUITests.debug.xcconfig"; path = "Target Support Files/Pods-insta clone - riaz ahmed-insta clone - riaz ahmedUITests/Pods-insta clone - riaz ahmed-insta clone - riaz ahmedUITests.debug.xcconfig"; sourceTree = "<group>"; };
		292448C953BA0A283E111D24 /* Pods-insta clone - riaz ahmed-insta clone - riaz ahmedUITests.release.xcconfig */ = {isa = PBXFileReference; includeInIndex = 1; lastKnownFileType = text.xcconfig; name = "Pods-insta clone - riaz ahmed-insta clone - riaz ahmedUITests.release.xcconfig"; path = "Target Support Files/Pods-insta clone - riaz ahmed-insta clone - riaz ahmedUITests/Pods-insta clone - riaz ahmed-insta clone - riaz ahmedUITests.release.xcconfig"; sourceTree = "<group>"; };
		3C7B16F0339CD28D9F8401AE /* Pods-insta clone - riaz ahmed.release.xcconfig */ = {isa = PBXFileReference; includeInIndex = 1; lastKnownFileType = text.xcconfig; name = "Pods-insta clone - riaz ahmed.release.xcconfig"; path = "Target Support Files/Pods-insta clone - riaz ahmed/Pods-insta clone - riaz ahmed.release.xcconfig"; sourceTree = "<group>"; };
		46176D280D519AF322888064 /* Pods-insta clone - riaz ahmedTests.debug.xcconfig */ = {isa = PBXFileReference; includeInIndex = 1; lastKnownFileType = text.xcconfig; name = "Pods-insta clone - riaz ahmedTests.debug.xcconfig"; path = "Target Support Files/Pods-insta clone - riaz ahmedTests/Pods-insta clone - riaz ahmedTests.debug.xcconfig"; sourceTree = "<group>"; };
		495E22DE074F84C2FC14C165 /* Pods_insta_clone___riaz_ahmed_insta_clone___riaz_ahmedUITests.framework */ = {isa = PBXFileReference; explicitFileType = wrapper.framework; includeInIndex = 0; path = "Pods_insta_clone___riaz_ahmed_insta_clone___riaz_ahmedUITests.framework"; sourceTree = BUILT_PRODUCTS_DIR; };
		4B9867E02C0E00B4EE1B97DB /* Pods_insta_clone___riaz_ahmed.framework */ = {isa = PBXFileReference; explicitFileType = wrapper.framework; includeInIndex = 0; path = "Pods_insta_clone___riaz_ahmed.framework"; sourceTree = BUILT_PRODUCTS_DIR; };
		9C1EA306260617CD00C3598E /* insta clone - riaz ahmed.app */ = {isa = PBXFileReference; explicitFileType = wrapper.application; includeInIndex = 0; path = "insta clone - riaz ahmed.app"; sourceTree = BUILT_PRODUCTS_DIR; };
		9C1EA309260617CD00C3598E /* AppDelegate.swift */ = {isa = PBXFileReference; lastKnownFileType = sourcecode.swift; path = AppDelegate.swift; sourceTree = "<group>"; };
		9C1EA310260617CD00C3598E /* Base */ = {isa = PBXFileReference; lastKnownFileType = file.storyboard; name = Base; path = Base.lproj/Main.storyboard; sourceTree = "<group>"; };
		9C1EA312260617CD00C3598E /* Assets.xcassets */ = {isa = PBXFileReference; lastKnownFileType = folder.assetcatalog; path = Assets.xcassets; sourceTree = "<group>"; };
		9C1EA315260617CD00C3598E /* Base */ = {isa = PBXFileReference; lastKnownFileType = file.storyboard; name = Base; path = Base.lproj/LaunchScreen.storyboard; sourceTree = "<group>"; };
		9C1EA317260617CD00C3598E /* Info.plist */ = {isa = PBXFileReference; lastKnownFileType = text.plist.xml; path = Info.plist; sourceTree = "<group>"; };
		9C1EA31C260617CD00C3598E /* insta clone - riaz ahmedTests.xctest */ = {isa = PBXFileReference; explicitFileType = wrapper.cfbundle; includeInIndex = 0; path = "insta clone - riaz ahmedTests.xctest"; sourceTree = BUILT_PRODUCTS_DIR; };
		9C1EA322260617CD00C3598E /* Info.plist */ = {isa = PBXFileReference; lastKnownFileType = text.plist.xml; path = Info.plist; sourceTree = "<group>"; };
		9C1EA327260617CD00C3598E /* insta clone - riaz ahmedUITests.xctest */ = {isa = PBXFileReference; explicitFileType = wrapper.cfbundle; includeInIndex = 0; path = "insta clone - riaz ahmedUITests.xctest"; sourceTree = BUILT_PRODUCTS_DIR; };
		9C1EA32B260617CD00C3598E /* insta_clone___riaz_ahmedUITests.swift */ = {isa = PBXFileReference; lastKnownFileType = sourcecode.swift; path = "insta_clone___riaz_ahmedUITests.swift"; sourceTree = "<group>"; };
		9C1EA32D260617CD00C3598E /* Info.plist */ = {isa = PBXFileReference; lastKnownFileType = text.plist.xml; path = Info.plist; sourceTree = "<group>"; };
		9C9F7A322606202500E7A7A5 /* LoginViewController.swift */ = {isa = PBXFileReference; lastKnownFileType = sourcecode.swift; path = LoginViewController.swift; sourceTree = "<group>"; };
		9C9F7A372606203700E7A7A5 /* FeedViewController.swift */ = {isa = PBXFileReference; lastKnownFileType = sourcecode.swift; path = FeedViewController.swift; sourceTree = "<group>"; };
		9C9F7A3F2606232900E7A7A5 /* cameraViewController.swift */ = {isa = PBXFileReference; lastKnownFileType = sourcecode.swift; path = cameraViewController.swift; sourceTree = "<group>"; };
		9CE0BDAB260D99C000CD2D0C /* CommentCell.swift */ = {isa = PBXFileReference; lastKnownFileType = sourcecode.swift; path = CommentCell.swift; sourceTree = "<group>"; };
		9CFAA42F2607C3EA0053F402 /* PostCell.swift */ = {isa = PBXFileReference; lastKnownFileType = sourcecode.swift; path = PostCell.swift; sourceTree = "<group>"; };
		D139F70E9AD42A7ACD24C703 /* Pods_insta_clone___riaz_ahmedTests.framework */ = {isa = PBXFileReference; explicitFileType = wrapper.framework; includeInIndex = 0; path = "Pods_insta_clone___riaz_ahmedTests.framework"; sourceTree = BUILT_PRODUCTS_DIR; };
		E1F85460B09ECD7D12B10B38 /* Pods-insta clone - riaz ahmedTests.release.xcconfig */ = {isa = PBXFileReference; includeInIndex = 1; lastKnownFileType = text.xcconfig; name = "Pods-insta clone - riaz ahmedTests.release.xcconfig"; path = "Target Support Files/Pods-insta clone - riaz ahmedTests/Pods-insta clone - riaz ahmedTests.release.xcconfig"; sourceTree = "<group>"; };
		E5AECE527714CC1EC27357BE /* Pods-insta clone - riaz ahmed.debug.xcconfig */ = {isa = PBXFileReference; includeInIndex = 1; lastKnownFileType = text.xcconfig; name = "Pods-insta clone - riaz ahmed.debug.xcconfig"; path = "Target Support Files/Pods-insta clone - riaz ahmed/Pods-insta clone - riaz ahmed.debug.xcconfig"; sourceTree = "<group>"; };
/* End PBXFileReference section */

/* Begin PBXFrameworksBuildPhase section */
		9C1EA303260617CD00C3598E /* Frameworks */ = {
			isa = PBXFrameworksBuildPhase;
			buildActionMask = 2147483647;
			files = (
				0A19FB3E86226D2D3314D696 /* Pods_insta_clone___riaz_ahmed.framework in Frameworks */,
			);
			runOnlyForDeploymentPostprocessing = 0;
		};
		9C1EA319260617CD00C3598E /* Frameworks */ = {
			isa = PBXFrameworksBuildPhase;
			buildActionMask = 2147483647;
			files = (
				69F1B51A435BF1521DB687E3 /* Pods_insta_clone___riaz_ahmedTests.framework in Frameworks */,
			);
			runOnlyForDeploymentPostprocessing = 0;
		};
		9C1EA324260617CD00C3598E /* Frameworks */ = {
			isa = PBXFrameworksBuildPhase;
			buildActionMask = 2147483647;
			files = (
				BBCB8E7DB92644CB361B072F /* Pods_insta_clone___riaz_ahmed_insta_clone___riaz_ahmedUITests.framework in Frameworks */,
			);
			runOnlyForDeploymentPostprocessing = 0;
		};
/* End PBXFrameworksBuildPhase section */

/* Begin PBXGroup section */
		82A18583EA1BFD69C548178D /* Pods */ = {
			isa = PBXGroup;
			children = (
				E5AECE527714CC1EC27357BE /* Pods-insta clone - riaz ahmed.debug.xcconfig */,
				3C7B16F0339CD28D9F8401AE /* Pods-insta clone - riaz ahmed.release.xcconfig */,
				24A5FBAC5B1871F76909930D /* Pods-insta clone - riaz ahmed-insta clone - riaz ahmedUITests.debug.xcconfig */,
				292448C953BA0A283E111D24 /* Pods-insta clone - riaz ahmed-insta clone - riaz ahmedUITests.release.xcconfig */,
				46176D280D519AF322888064 /* Pods-insta clone - riaz ahmedTests.debug.xcconfig */,
				E1F85460B09ECD7D12B10B38 /* Pods-insta clone - riaz ahmedTests.release.xcconfig */,
			);
			path = Pods;
			sourceTree = "<group>";
		};
		9C1EA2FD260617CD00C3598E = {
			isa = PBXGroup;
			children = (
				9C1EA308260617CD00C3598E /* insta clone - riaz ahmed */,
				9C1EA31F260617CD00C3598E /* insta clone - riaz ahmedTests */,
				9C1EA32A260617CD00C3598E /* insta clone - riaz ahmedUITests */,
				9C1EA307260617CD00C3598E /* Products */,
				82A18583EA1BFD69C548178D /* Pods */,
				FC96D641E53F996A05D682FF /* Frameworks */,
			);
			sourceTree = "<group>";
		};
		9C1EA307260617CD00C3598E /* Products */ = {
			isa = PBXGroup;
			children = (
				9C1EA306260617CD00C3598E /* insta clone - riaz ahmed.app */,
				9C1EA31C260617CD00C3598E /* insta clone - riaz ahmedTests.xctest */,
				9C1EA327260617CD00C3598E /* insta clone - riaz ahmedUITests.xctest */,
			);
			name = Products;
			sourceTree = "<group>";
		};
		9C1EA308260617CD00C3598E /* insta clone - riaz ahmed */ = {
			isa = PBXGroup;
			children = (
				9C1EA317260617CD00C3598E /* Info.plist */,
				9C1EA312260617CD00C3598E /* Assets.xcassets */,
				9C1EA309260617CD00C3598E /* AppDelegate.swift */,
				9C1EA30F260617CD00C3598E /* Main.storyboard */,
				9C9F7A3F2606232900E7A7A5 /* cameraViewController.swift */,
				9C1EA314260617CD00C3598E /* LaunchScreen.storyboard */,
				9CFAA42F2607C3EA0053F402 /* PostCell.swift */,
				9CE0BDAB260D99C000CD2D0C /* CommentCell.swift */,
				9C9F7A372606203700E7A7A5 /* FeedViewController.swift */,
				9C9F7A322606202500E7A7A5 /* LoginViewController.swift */,
			);
			path = "insta clone - riaz ahmed";
			sourceTree = "<group>";
		};
		9C1EA31F260617CD00C3598E /* insta clone - riaz ahmedTests */ = {
			isa = PBXGroup;
			children = (
				9C1EA322260617CD00C3598E /* Info.plist */,
			);
			path = "insta clone - riaz ahmedTests";
			sourceTree = "<group>";
		};
		9C1EA32A260617CD00C3598E /* insta clone - riaz ahmedUITests */ = {
			isa = PBXGroup;
			children = (
				9C1EA32B260617CD00C3598E /* insta_clone___riaz_ahmedUITests.swift */,
				9C1EA32D260617CD00C3598E /* Info.plist */,
			);
			path = "insta clone - riaz ahmedUITests";
			sourceTree = "<group>";
		};
		FC96D641E53F996A05D682FF /* Frameworks */ = {
			isa = PBXGroup;
			children = (
				4B9867E02C0E00B4EE1B97DB /* Pods_insta_clone___riaz_ahmed.framework */,
				495E22DE074F84C2FC14C165 /* Pods_insta_clone___riaz_ahmed_insta_clone___riaz_ahmedUITests.framework */,
				D139F70E9AD42A7ACD24C703 /* Pods_insta_clone___riaz_ahmedTests.framework */,
			);
			name = Frameworks;
			sourceTree = "<group>";
		};
/* End PBXGroup section */

/* Begin PBXNativeTarget section */
		9C1EA305260617CD00C3598E /* insta clone - riaz ahmed */ = {
			isa = PBXNativeTarget;
			buildConfigurationList = 9C1EA330260617CD00C3598E /* Build configuration list for PBXNativeTarget "insta clone - riaz ahmed" */;
			buildPhases = (
				DB6BA63E77822903715CBCA8 /* [CP] Check Pods Manifest.lock */,
				9C1EA302260617CD00C3598E /* Sources */,
				9C1EA303260617CD00C3598E /* Frameworks */,
				9C1EA304260617CD00C3598E /* Resources */,
				D2D98215BFEB1BC132EC2001 /* [CP] Embed Pods Frameworks */,
			);
			buildRules = (
			);
			dependencies = (
			);
			name = "insta clone - riaz ahmed";
			productName = "insta clone - riaz ahmed";
			productReference = 9C1EA306260617CD00C3598E /* insta clone - riaz ahmed.app */;
			productType = "com.apple.product-type.application";
		};
		9C1EA31B260617CD00C3598E /* insta clone - riaz ahmedTests */ = {
			isa = PBXNativeTarget;
			buildConfigurationList = 9C1EA333260617CD00C3598E /* Build configuration list for PBXNativeTarget "insta clone - riaz ahmedTests" */;
			buildPhases = (
				9083AC40C271B2AF5229EA5B /* [CP] Check Pods Manifest.lock */,
				9C1EA318260617CD00C3598E /* Sources */,
				9C1EA319260617CD00C3598E /* Frameworks */,
				9C1EA31A260617CD00C3598E /* Resources */,
			);
			buildRules = (
			);
			dependencies = (
				9C1EA31E260617CD00C3598E /* PBXTargetDependency */,
			);
			name = "insta clone - riaz ahmedTests";
			productName = "insta clone - riaz ahmedTests";
			productReference = 9C1EA31C260617CD00C3598E /* insta clone - riaz ahmedTests.xctest */;
			productType = "com.apple.product-type.bundle.unit-test";
		};
		9C1EA326260617CD00C3598E /* insta clone - riaz ahmedUITests */ = {
			isa = PBXNativeTarget;
			buildConfigurationList = 9C1EA336260617CD00C3598E /* Build configuration list for PBXNativeTarget "insta clone - riaz ahmedUITests" */;
			buildPhases = (
				780A7C4155132CA04ADC20AA /* [CP] Check Pods Manifest.lock */,
				9C1EA323260617CD00C3598E /* Sources */,
				9C1EA324260617CD00C3598E /* Frameworks */,
				9C1EA325260617CD00C3598E /* Resources */,
				C66F4E8243F2EB7B71BD2713 /* [CP] Embed Pods Frameworks */,
			);
			buildRules = (
			);
			dependencies = (
				9C1EA329260617CD00C3598E /* PBXTargetDependency */,
			);
			name = "insta clone - riaz ahmedUITests";
			productName = "insta clone - riaz ahmedUITests";
			productReference = 9C1EA327260617CD00C3598E /* insta clone - riaz ahmedUITests.xctest */;
			productType = "com.apple.product-type.bundle.ui-testing";
		};
/* End PBXNativeTarget section */

/* Begin PBXProject section */
		9C1EA2FE260617CD00C3598E /* Project object */ = {
			isa = PBXProject;
			attributes = {
				LastSwiftUpdateCheck = 1240;
				LastUpgradeCheck = 1240;
				TargetAttributes = {
					9C1EA305260617CD00C3598E = {
						CreatedOnToolsVersion = 12.4;
					};
					9C1EA31B260617CD00C3598E = {
						CreatedOnToolsVersion = 12.4;
						TestTargetID = 9C1EA305260617CD00C3598E;
					};
					9C1EA326260617CD00C3598E = {
						CreatedOnToolsVersion = 12.4;
						TestTargetID = 9C1EA305260617CD00C3598E;
					};
				};
			};
			buildConfigurationList = 9C1EA301260617CD00C3598E /* Build configuration list for PBXProject "insta clone - riaz ahmed" */;
			compatibilityVersion = "Xcode 9.3";
			developmentRegion = en;
			hasScannedForEncodings = 0;
			knownRegions = (
				en,
				Base,
			);
			mainGroup = 9C1EA2FD260617CD00C3598E;
			productRefGroup = 9C1EA307260617CD00C3598E /* Products */;
			projectDirPath = "";
			projectRoot = "";
			targets = (
				9C1EA305260617CD00C3598E /* insta clone - riaz ahmed */,
				9C1EA31B260617CD00C3598E /* insta clone - riaz ahmedTests */,
				9C1EA326260617CD00C3598E /* insta clone - riaz ahmedUITests */,
			);
		};
/* End PBXProject section */

/* Begin PBXResourcesBuildPhase section */
		9C1EA304260617CD00C3598E /* Resources */ = {
			isa = PBXResourcesBuildPhase;
			buildActionMask = 2147483647;
			files = (
				9C1EA316260617CD00C3598E /* LaunchScreen.storyboard in Resources */,
				9C1EA313260617CD00C3598E /* Assets.xcassets in Resources */,
				9C1EA311260617CD00C3598E /* Main.storyboard in Resources */,
			);
			runOnlyForDeploymentPostprocessing = 0;
		};
		9C1EA31A260617CD00C3598E /* Resources */ = {
			isa = PBXResourcesBuildPhase;
			buildActionMask = 2147483647;
			files = (
			);
			runOnlyForDeploymentPostprocessing = 0;
		};
		9C1EA325260617CD00C3598E /* Resources */ = {
			isa = PBXResourcesBuildPhase;
			buildActionMask = 2147483647;
			files = (
			);
			runOnlyForDeploymentPostprocessing = 0;
		};
/* End PBXResourcesBuildPhase section */

/* Begin PBXShellScriptBuildPhase section */
		780A7C4155132CA04ADC20AA /* [CP] Check Pods Manifest.lock */ = {
			isa = PBXShellScriptBuildPhase;
			buildActionMask = 2147483647;
			files = (
			);
			inputFileListPaths = (
			);
			inputPaths = (
				"${PODS_PODFILE_DIR_PATH}/Podfile.lock",
				"${PODS_ROOT}/Manifest.lock",
			);
			name = "[CP] Check Pods Manifest.lock";
			outputFileListPaths = (
			);
			outputPaths = (
				"$(DERIVED_FILE_DIR)/Pods-insta clone - riaz ahmed-insta clone - riaz ahmedUITests-checkManifestLockResult.txt",
			);
			runOnlyForDeploymentPostprocessing = 0;
			shellPath = /bin/sh;
			shellScript = "diff \"${PODS_PODFILE_DIR_PATH}/Podfile.lock\" \"${PODS_ROOT}/Manifest.lock\" > /dev/null\nif [ $? != 0 ] ; then\n    # print error to STDERR\n    echo \"error: The sandbox is not in sync with the Podfile.lock. Run 'pod install' or update your CocoaPods installation.\" >&2\n    exit 1\nfi\n# This output is used by Xcode 'outputs' to avoid re-running this script phase.\necho \"SUCCESS\" > \"${SCRIPT_OUTPUT_FILE_0}\"\n";
			showEnvVarsInLog = 0;
		};
		9083AC40C271B2AF5229EA5B /* [CP] Check Pods Manifest.lock */ = {
			isa = PBXShellScriptBuildPhase;
			buildActionMask = 2147483647;
			files = (
			);
			inputFileListPaths = (
			);
			inputPaths = (
				"${PODS_PODFILE_DIR_PATH}/Podfile.lock",
				"${PODS_ROOT}/Manifest.lock",
			);
			name = "[CP] Check Pods Manifest.lock";
			outputFileListPaths = (
			);
			outputPaths = (
				"$(DERIVED_FILE_DIR)/Pods-insta clone - riaz ahmedTests-checkManifestLockResult.txt",
			);
			runOnlyForDeploymentPostprocessing = 0;
			shellPath = /bin/sh;
			shellScript = "diff \"${PODS_PODFILE_DIR_PATH}/Podfile.lock\" \"${PODS_ROOT}/Manifest.lock\" > /dev/null\nif [ $? != 0 ] ; then\n    # print error to STDERR\n    echo \"error: The sandbox is not in sync with the Podfile.lock. Run 'pod install' or update your CocoaPods installation.\" >&2\n    exit 1\nfi\n# This output is used by Xcode 'outputs' to avoid re-running this script phase.\necho \"SUCCESS\" > \"${SCRIPT_OUTPUT_FILE_0}\"\n";
			showEnvVarsInLog = 0;
		};
		C66F4E8243F2EB7B71BD2713 /* [CP] Embed Pods Frameworks */ = {
			isa = PBXShellScriptBuildPhase;
			buildActionMask = 2147483647;
			files = (
			);
			inputFileListPaths = (
				"${PODS_ROOT}/Target Support Files/Pods-insta clone - riaz ahmed-insta clone - riaz ahmedUITests/Pods-insta clone - riaz ahmed-insta clone - riaz ahmedUITests-frameworks-${CONFIGURATION}-input-files.xcfilelist",
			);
			name = "[CP] Embed Pods Frameworks";
			outputFileListPaths = (
				"${PODS_ROOT}/Target Support Files/Pods-insta clone - riaz ahmed-insta clone - riaz ahmedUITests/Pods-insta clone - riaz ahmed-insta clone - riaz ahmedUITests-frameworks-${CONFIGURATION}-output-files.xcfilelist",
			);
			runOnlyForDeploymentPostprocessing = 0;
			shellPath = /bin/sh;
			shellScript = "\"${PODS_ROOT}/Target Support Files/Pods-insta clone - riaz ahmed-insta clone - riaz ahmedUITests/Pods-insta clone - riaz ahmed-insta clone - riaz ahmedUITests-frameworks.sh\"\n";
			showEnvVarsInLog = 0;
		};
		D2D98215BFEB1BC132EC2001 /* [CP] Embed Pods Frameworks */ = {
			isa = PBXShellScriptBuildPhase;
			buildActionMask = 2147483647;
			files = (
			);
			inputFileListPaths = (
				"${PODS_ROOT}/Target Support Files/Pods-insta clone - riaz ahmed/Pods-insta clone - riaz ahmed-frameworks-${CONFIGURATION}-input-files.xcfilelist",
			);
			name = "[CP] Embed Pods Frameworks";
			outputFileListPaths = (
				"${PODS_ROOT}/Target Support Files/Pods-insta clone - riaz ahmed/Pods-insta clone - riaz ahmed-frameworks-${CONFIGURATION}-output-files.xcfilelist",
			);
			runOnlyForDeploymentPostprocessing = 0;
			shellPath = /bin/sh;
			shellScript = "\"${PODS_ROOT}/Target Support Files/Pods-insta clone - riaz ahmed/Pods-insta clone - riaz ahmed-frameworks.sh\"\n";
			showEnvVarsInLog = 0;
		};
		DB6BA63E77822903715CBCA8 /* [CP] Check Pods Manifest.lock */ = {
			isa = PBXShellScriptBuildPhase;
			buildActionMask = 2147483647;
			files = (
			);
			inputFileListPaths = (
			);
			inputPaths = (
				"${PODS_PODFILE_DIR_PATH}/Podfile.lock",
				"${PODS_ROOT}/Manifest.lock",
			);
			name = "[CP] Check Pods Manifest.lock";
			outputFileListPaths = (
			);
			outputPaths = (
				"$(DERIVED_FILE_DIR)/Pods-insta clone - riaz ahmed-checkManifestLockResult.txt",
			);
			runOnlyForDeploymentPostprocessing = 0;
			shellPath = /bin/sh;
			shellScript = "diff \"${PODS_PODFILE_DIR_PATH}/Podfile.lock\" \"${PODS_ROOT}/Manifest.lock\" > /dev/null\nif [ $? != 0 ] ; then\n    # print error to STDERR\n    echo \"error: The sandbox is not in sync with the Podfile.lock. Run 'pod install' or update your CocoaPods installation.\" >&2\n    exit 1\nfi\n# This output is used by Xcode 'outputs' to avoid re-running this script phase.\necho \"SUCCESS\" > \"${SCRIPT_OUTPUT_FILE_0}\"\n";
			showEnvVarsInLog = 0;
		};
/* End PBXShellScriptBuildPhase section */

/* Begin PBXSourcesBuildPhase section */
		9C1EA302260617CD00C3598E /* Sources */ = {
			isa = PBXSourcesBuildPhase;
			buildActionMask = 2147483647;
			files = (
				9C9F7A332606202500E7A7A5 /* LoginViewController.swift in Sources */,
				9C1EA30A260617CD00C3598E /* AppDelegate.swift in Sources */,
				9C9F7A402606232900E7A7A5 /* cameraViewController.swift in Sources */,
				9C9F7A382606203700E7A7A5 /* FeedViewController.swift in Sources */,
				9CFAA4302607C3EA0053F402 /* PostCell.swift in Sources */,
				9CE0BDAC260D99C000CD2D0C /* CommentCell.swift in Sources */,
			);
			runOnlyForDeploymentPostprocessing = 0;
		};
		9C1EA318260617CD00C3598E /* Sources */ = {
			isa = PBXSourcesBuildPhase;
			buildActionMask = 2147483647;
			files = (
			);
			runOnlyForDeploymentPostprocessing = 0;
		};
		9C1EA323260617CD00C3598E /* Sources */ = {
			isa = PBXSourcesBuildPhase;
			buildActionMask = 2147483647;
			files = (
				9C1EA32C260617CD00C3598E /* insta_clone___riaz_ahmedUITests.swift in Sources */,
			);
			runOnlyForDeploymentPostprocessing = 0;
		};
/* End PBXSourcesBuildPhase section */

/* Begin PBXTargetDependency section */
		9C1EA31E260617CD00C3598E /* PBXTargetDependency */ = {
			isa = PBXTargetDependency;
			target = 9C1EA305260617CD00C3598E /* insta clone - riaz ahmed */;
			targetProxy = 9C1EA31D260617CD00C3598E /* PBXContainerItemProxy */;
		};
		9C1EA329260617CD00C3598E /* PBXTargetDependency */ = {
			isa = PBXTargetDependency;
			target = 9C1EA305260617CD00C3598E /* insta clone - riaz ahmed */;
			targetProxy = 9C1EA328260617CD00C3598E /* PBXContainerItemProxy */;
		};
/* End PBXTargetDependency section */

/* Begin PBXVariantGroup section */
		9C1EA30F260617CD00C3598E /* Main.storyboard */ = {
			isa = PBXVariantGroup;
			children = (
				9C1EA310260617CD00C3598E /* Base */,
			);
			name = Main.storyboard;
			sourceTree = "<group>";
		};
		9C1EA314260617CD00C3598E /* LaunchScreen.storyboard */ = {
			isa = PBXVariantGroup;
			children = (
				9C1EA315260617CD00C3598E /* Base */,
			);
			name = LaunchScreen.storyboard;
			sourceTree = "<group>";
		};
/* End PBXVariantGroup section */

/* Begin XCBuildConfiguration section */
		9C1EA32E260617CD00C3598E /* Debug */ = {
			isa = XCBuildConfiguration;
			buildSettings = {
				ALWAYS_SEARCH_USER_PATHS = NO;
				CLANG_ANALYZER_NONNULL = YES;
				CLANG_ANALYZER_NUMBER_OBJECT_CONVERSION = YES_AGGRESSIVE;
				CLANG_CXX_LANGUAGE_STANDARD = "gnu++14";
				CLANG_CXX_LIBRARY = "libc++";
				CLANG_ENABLE_MODULES = YES;
				CLANG_ENABLE_OBJC_ARC = YES;
				CLANG_ENABLE_OBJC_WEAK = YES;
				CLANG_WARN_BLOCK_CAPTURE_AUTORELEASING = YES;
				CLANG_WARN_BOOL_CONVERSION = YES;
				CLANG_WARN_COMMA = YES;
				CLANG_WARN_CONSTANT_CONVERSION = YES;
				CLANG_WARN_DEPRECATED_OBJC_IMPLEMENTATIONS = YES;
				CLANG_WARN_DIRECT_OBJC_ISA_USAGE = YES_ERROR;
				CLANG_WARN_DOCUMENTATION_COMMENTS = YES;
				CLANG_WARN_EMPTY_BODY = YES;
				CLANG_WARN_ENUM_CONVERSION = YES;
				CLANG_WARN_INFINITE_RECURSION = YES;
				CLANG_WARN_INT_CONVERSION = YES;
				CLANG_WARN_NON_LITERAL_NULL_CONVERSION = YES;
				CLANG_WARN_OBJC_IMPLICIT_RETAIN_SELF = YES;
				CLANG_WARN_OBJC_LITERAL_CONVERSION = YES;
				CLANG_WARN_OBJC_ROOT_CLASS = YES_ERROR;
				CLANG_WARN_QUOTED_INCLUDE_IN_FRAMEWORK_HEADER = YES;
				CLANG_WARN_RANGE_LOOP_ANALYSIS = YES;
				CLANG_WARN_STRICT_PROTOTYPES = YES;
				CLANG_WARN_SUSPICIOUS_MOVE = YES;
				CLANG_WARN_UNGUARDED_AVAILABILITY = YES_AGGRESSIVE;
				CLANG_WARN_UNREACHABLE_CODE = YES;
				CLANG_WARN__DUPLICATE_METHOD_MATCH = YES;
				COPY_PHASE_STRIP = NO;
				DEBUG_INFORMATION_FORMAT = dwarf;
				ENABLE_STRICT_OBJC_MSGSEND = YES;
				ENABLE_TESTABILITY = YES;
				GCC_C_LANGUAGE_STANDARD = gnu11;
				GCC_DYNAMIC_NO_PIC = NO;
				GCC_NO_COMMON_BLOCKS = YES;
				GCC_OPTIMIZATION_LEVEL = 0;
				GCC_PREPROCESSOR_DEFINITIONS = (
					"DEBUG=1",
					"$(inherited)",
				);
				GCC_WARN_64_TO_32_BIT_CONVERSION = YES;
				GCC_WARN_ABOUT_RETURN_TYPE = YES_ERROR;
				GCC_WARN_UNDECLARED_SELECTOR = YES;
				GCC_WARN_UNINITIALIZED_AUTOS = YES_AGGRESSIVE;
				GCC_WARN_UNUSED_FUNCTION = YES;
				GCC_WARN_UNUSED_VARIABLE = YES;
				IPHONEOS_DEPLOYMENT_TARGET = 14.4;
				MTL_ENABLE_DEBUG_INFO = INCLUDE_SOURCE;
				MTL_FAST_MATH = YES;
				ONLY_ACTIVE_ARCH = YES;
				SDKROOT = iphoneos;
				SWIFT_ACTIVE_COMPILATION_CONDITIONS = DEBUG;
				SWIFT_OPTIMIZATION_LEVEL = "-Onone";
			};
			name = Debug;
		};
		9C1EA32F260617CD00C3598E /* Release */ = {
			isa = XCBuildConfiguration;
			buildSettings = {
				ALWAYS_SEARCH_USER_PATHS = NO;
				CLANG_ANALYZER_NONNULL = YES;
				CLANG_ANALYZER_NUMBER_OBJECT_CONVERSION = YES_AGGRESSIVE;
				CLANG_CXX_LANGUAGE_STANDARD = "gnu++14";
				CLANG_CXX_LIBRARY = "libc++";
				CLANG_ENABLE_MODULES = YES;
				CLANG_ENABLE_OBJC_ARC = YES;
				CLANG_ENABLE_OBJC_WEAK = YES;
				CLANG_WARN_BLOCK_CAPTURE_AUTORELEASING = YES;
				CLANG_WARN_BOOL_CONVERSION = YES;
				CLANG_WARN_COMMA = YES;
				CLANG_WARN_CONSTANT_CONVERSION = YES;
				CLANG_WARN_DEPRECATED_OBJC_IMPLEMENTATIONS = YES;
				CLANG_WARN_DIRECT_OBJC_ISA_USAGE = YES_ERROR;
				CLANG_WARN_DOCUMENTATION_COMMENTS = YES;
				CLANG_WARN_EMPTY_BODY = YES;
				CLANG_WARN_ENUM_CONVERSION = YES;
				CLANG_WARN_INFINITE_RECURSION = YES;
				CLANG_WARN_INT_CONVERSION = YES;
				CLANG_WARN_NON_LITERAL_NULL_CONVERSION = YES;
				CLANG_WARN_OBJC_IMPLICIT_RETAIN_SELF = YES;
				CLANG_WARN_OBJC_LITERAL_CONVERSION = YES;
				CLANG_WARN_OBJC_ROOT_CLASS = YES_ERROR;
				CLANG_WARN_QUOTED_INCLUDE_IN_FRAMEWORK_HEADER = YES;
				CLANG_WARN_RANGE_LOOP_ANALYSIS = YES;
				CLANG_WARN_STRICT_PROTOTYPES = YES;
				CLANG_WARN_SUSPICIOUS_MOVE = YES;
				CLANG_WARN_UNGUARDED_AVAILABILITY = YES_AGGRESSIVE;
				CLANG_WARN_UNREACHABLE_CODE = YES;
				CLANG_WARN__DUPLICATE_METHOD_MATCH = YES;
				COPY_PHASE_STRIP = NO;
				DEBUG_INFORMATION_FORMAT = "dwarf-with-dsym";
				ENABLE_NS_ASSERTIONS = NO;
				ENABLE_STRICT_OBJC_MSGSEND = YES;
				GCC_C_LANGUAGE_STANDARD = gnu11;
				GCC_NO_COMMON_BLOCKS = YES;
				GCC_WARN_64_TO_32_BIT_CONVERSION = YES;
				GCC_WARN_ABOUT_RETURN_TYPE = YES_ERROR;
				GCC_WARN_UNDECLARED_SELECTOR = YES;
				GCC_WARN_UNINITIALIZED_AUTOS = YES_AGGRESSIVE;
				GCC_WARN_UNUSED_FUNCTION = YES;
				GCC_WARN_UNUSED_VARIABLE = YES;
				IPHONEOS_DEPLOYMENT_TARGET = 14.4;
				MTL_ENABLE_DEBUG_INFO = NO;
				MTL_FAST_MATH = YES;
				SDKROOT = iphoneos;
				SWIFT_COMPILATION_MODE = wholemodule;
				SWIFT_OPTIMIZATION_LEVEL = "-O";
				VALIDATE_PRODUCT = YES;
			};
			name = Release;
		};
		9C1EA331260617CD00C3598E /* Debug */ = {
			isa = XCBuildConfiguration;
			baseConfigurationReference = E5AECE527714CC1EC27357BE /* Pods-insta clone - riaz ahmed.debug.xcconfig */;
			buildSettings = {
				ASSETCATALOG_COMPILER_APPICON_NAME = AppIcon;
				ASSETCATALOG_COMPILER_GLOBAL_ACCENT_COLOR_NAME = AccentColor;
				CODE_SIGN_STYLE = Automatic;
				DEVELOPMENT_TEAM = 295YS7UXY3;
				INFOPLIST_FILE = "insta clone - riaz ahmed/Info.plist";
				LD_RUNPATH_SEARCH_PATHS = (
					"$(inherited)",
					"@executable_path/Frameworks",
				);
				PRODUCT_BUNDLE_IDENTIFIER = "none.insta-clone---riaz-ahmed";
				PRODUCT_NAME = "$(TARGET_NAME)";
				SWIFT_VERSION = 5.0;
				TARGETED_DEVICE_FAMILY = "1,2";
			};
			name = Debug;
		};
		9C1EA332260617CD00C3598E /* Release */ = {
			isa = XCBuildConfiguration;
			baseConfigurationReference = 3C7B16F0339CD28D9F8401AE /* Pods-insta clone - riaz ahmed.release.xcconfig */;
			buildSettings = {
				ASSETCATALOG_COMPILER_APPICON_NAME = AppIcon;
				ASSETCATALOG_COMPILER_GLOBAL_ACCENT_COLOR_NAME = AccentColor;
				CODE_SIGN_STYLE = Automatic;
				DEVELOPMENT_TEAM = 295YS7UXY3;
				INFOPLIST_FILE = "insta clone - riaz ahmed/Info.plist";
				LD_RUNPATH_SEARCH_PATHS = (
					"$(inherited)",
					"@executable_path/Frameworks",
				);
				PRODUCT_BUNDLE_IDENTIFIER = "none.insta-clone---riaz-ahmed";
				PRODUCT_NAME = "$(TARGET_NAME)";
				SWIFT_VERSION = 5.0;
				TARGETED_DEVICE_FAMILY = "1,2";
			};
			name = Release;
		};
		9C1EA334260617CD00C3598E /* Debug */ = {
			isa = XCBuildConfiguration;
			baseConfigurationReference = 46176D280D519AF322888064 /* Pods-insta clone - riaz ahmedTests.debug.xcconfig */;
			buildSettings = {
				ALWAYS_EMBED_SWIFT_STANDARD_LIBRARIES = YES;
				BUNDLE_LOADER = "$(TEST_HOST)";
				CODE_SIGN_STYLE = Automatic;
				DEVELOPMENT_TEAM = 295YS7UXY3;
				INFOPLIST_FILE = "insta clone - riaz ahmedTests/Info.plist";
				IPHONEOS_DEPLOYMENT_TARGET = 14.4;
				LD_RUNPATH_SEARCH_PATHS = (
					"$(inherited)",
					"@executable_path/Frameworks",
					"@loader_path/Frameworks",
				);
				PRODUCT_BUNDLE_IDENTIFIER = "none.insta-clone---riaz-ahmedTests";
				PRODUCT_NAME = "$(TARGET_NAME)";
				SWIFT_VERSION = 5.0;
				TARGETED_DEVICE_FAMILY = "1,2";
				TEST_HOST = "$(BUILT_PRODUCTS_DIR)/insta clone - riaz ahmed.app/insta clone - riaz ahmed";
			};
			name = Debug;
		};
		9C1EA335260617CD00C3598E /* Release */ = {
			isa = XCBuildConfiguration;
			baseConfigurationReference = E1F85460B09ECD7D12B10B38 /* Pods-insta clone - riaz ahmedTests.release.xcconfig */;
			buildSettings = {
				ALWAYS_EMBED_SWIFT_STANDARD_LIBRARIES = YES;
				BUNDLE_LOADER = "$(TEST_HOST)";
				CODE_SIGN_STYLE = Automatic;
				DEVELOPMENT_TEAM = 295YS7UXY3;
				INFOPLIST_FILE = "insta clone - riaz ahmedTests/Info.plist";
				IPHONEOS_DEPLOYMENT_TARGET = 14.4;
				LD_RUNPATH_SEARCH_PATHS = (
					"$(inherited)",
					"@executable_path/Frameworks",
					"@loader_path/Frameworks",
				);
				PRODUCT_BUNDLE_IDENTIFIER = "none.insta-clone---riaz-ahmedTests";
				PRODUCT_NAME = "$(TARGET_NAME)";
				SWIFT_VERSION = 5.0;
				TARGETED_DEVICE_FAMILY = "1,2";
				TEST_HOST = "$(BUILT_PRODUCTS_DIR)/insta clone - riaz ahmed.app/insta clone - riaz ahmed";
			};
			name = Release;
		};
		9C1EA337260617CD00C3598E /* Debug */ = {
			isa = XCBuildConfiguration;
			baseConfigurationReference = 24A5FBAC5B1871F76909930D /* Pods-insta clone - riaz ahmed-insta clone - riaz ahmedUITests.debug.xcconfig */;
			buildSettings = {
				ALWAYS_EMBED_SWIFT_STANDARD_LIBRARIES = YES;
				CODE_SIGN_STYLE = Automatic;
				DEVELOPMENT_TEAM = 295YS7UXY3;
				INFOPLIST_FILE = "insta clone - riaz ahmedUITests/Info.plist";
				LD_RUNPATH_SEARCH_PATHS = (
					"$(inherited)",
					"@executable_path/Frameworks",
					"@loader_path/Frameworks",
				);
				PRODUCT_BUNDLE_IDENTIFIER = "none.insta-clone---riaz-ahmedUITests";
				PRODUCT_NAME = "$(TARGET_NAME)";
				SWIFT_VERSION = 5.0;
				TARGETED_DEVICE_FAMILY = "1,2";
				TEST_TARGET_NAME = "insta clone - riaz ahmed";
			};
			name = Debug;
		};
		9C1EA338260617CD00C3598E /* Release */ = {
			isa = XCBuildConfiguration;
			baseConfigurationReference = 292448C953BA0A283E111D24 /* Pods-insta clone - riaz ahmed-insta clone - riaz ahmedUITests.release.xcconfig */;
			buildSettings = {
				ALWAYS_EMBED_SWIFT_STANDARD_LIBRARIES = YES;
				CODE_SIGN_STYLE = Automatic;
				DEVELOPMENT_TEAM = 295YS7UXY3;
				INFOPLIST_FILE = "insta clone - riaz ahmedUITests/Info.plist";
				LD_RUNPATH_SEARCH_PATHS = (
					"$(inherited)",
					"@executable_path/Frameworks",
					"@loader_path/Frameworks",
				);
				PRODUCT_BUNDLE_IDENTIFIER = "none.insta-clone---riaz-ahmedUITests";
				PRODUCT_NAME = "$(TARGET_NAME)";
				SWIFT_VERSION = 5.0;
				TARGETED_DEVICE_FAMILY = "1,2";
				TEST_TARGET_NAME = "insta clone - riaz ahmed";
			};
			name = Release;
		};
/* End XCBuildConfiguration section */

/* Begin XCConfigurationList section */
		9C1EA301260617CD00C3598E /* Build configuration list for PBXProject "insta clone - riaz ahmed" */ = {
			isa = XCConfigurationList;
			buildConfigurations = (
				9C1EA32E260617CD00C3598E /* Debug */,
				9C1EA32F260617CD00C3598E /* Release */,
			);
			defaultConfigurationIsVisible = 0;
			defaultConfigurationName = Release;
		};
		9C1EA330260617CD00C3598E /* Build configuration list for PBXNativeTarget "insta clone - riaz ahmed" */ = {
			isa = XCConfigurationList;
			buildConfigurations = (
				9C1EA331260617CD00C3598E /* Debug */,
				9C1EA332260617CD00C3598E /* Release */,
			);
			defaultConfigurationIsVisible = 0;
			defaultConfigurationName = Release;
		};
		9C1EA333260617CD00C3598E /* Build configuration list for PBXNativeTarget "insta clone - riaz ahmedTests" */ = {
			isa = XCConfigurationList;
			buildConfigurations = (
				9C1EA334260617CD00C3598E /* Debug */,
				9C1EA335260617CD00C3598E /* Release */,
			);
			defaultConfigurationIsVisible = 0;
			defaultConfigurationName = Release;
		};
		9C1EA336260617CD00C3598E /* Build configuration list for PBXNativeTarget "insta clone - riaz ahmedUITests" */ = {
			isa = XCConfigurationList;
			buildConfigurations = (
				9C1EA337260617CD00C3598E /* Debug */,
				9C1EA338260617CD00C3598E /* Release */,
			);
			defaultConfigurationIsVisible = 0;
			defaultConfigurationName = Release;
		};
/* End XCConfigurationList section */
	};
	rootObject = 9C1EA2FE260617CD00C3598E /* Project object */;
}
